
Microsoft Visual Studio Solution File, Format Version 12.00
# Visual Studio Version 16
VisualStudioVersion = 16.0.30002.166
MinimumVisualStudioVersion = 10.0.40219.1
Project("{9A19103F-16F7-4668-BE54-9A1E7A4F7556}") = "Update Clients CUIL", "Update Clients CUIL.csproj", "{CEFBAB17-6791-47FE-830C-52DF95DBD3E7}"
EndProject
Global
	GlobalSection(SolutionConfigurationPlatforms) = preSolution
		Debug|Any CPU = Debug|Any CPU
		Release|Any CPU = Release|Any CPU
	EndGlobalSection
	GlobalSection(ProjectConfigurationPlatforms) = postSolution
		{CEFBAB17-6791-47FE-830C-52DF95DBD3E7}.Debug|Any CPU.ActiveCfg = Debug|Any CPU
		{CEFBAB17-6791-47FE-830C-52DF95DBD3E7}.Debug|Any CPU.Build.0 = Debug|Any CPU
		{CEFBAB17-6791-47FE-830C-52DF95DBD3E7}.Release|Any CPU.ActiveCfg = Release|Any CPU
		{CEFBAB17-6791-47FE-830C-52DF95DBD3E7}.Release|Any CPU.Build.0 = Release|Any CPU
	EndGlobalSection
	GlobalSection(SolutionProperties) = preSolution
		HideSolutionNode = FALSE
	EndGlobalSection
	GlobalSection(ExtensibilityGlobals) = postSolution
		SolutionGuid = {3629608E-E9FA-4F5F-B6F6-E6C493257CAE}
	EndGlobalSection
EndGlobal
